
Microsoft Visual Studio Solution File, Format Version 12.00
# Visual Studio Version 16
VisualStudioVersion = 16.0.30114.105
MinimumVisualStudioVersion = 10.0.40219.1
Project("{FAE04EC0-301F-11D3-BF4B-00C04F79EFBC}") = "R5T.T0073", "R5T.T0073\R5T.T0073.csproj", "{72FA9A55-88CC-4C1D-AD03-2CA7C0657C69}"
EndProject
Project("{FAE04EC0-301F-11D3-BF4B-00C04F79EFBC}") = "R5T.T0073.Construction", "R5T.T0073.Construction\R5T.T0073.Construction.csproj", "{758ECC6C-F7A9-47D1-8802-384D718D131F}"
EndProject
Global
	GlobalSection(SolutionConfigurationPlatforms) = preSolution
		Debug|Any CPU = Debug|Any CPU
		Debug|x64 = Debug|x64
		Debug|x86 = Debug|x86
		Release|Any CPU = Release|Any CPU
		Release|x64 = Release|x64
		Release|x86 = Release|x86
	EndGlobalSection
	GlobalSection(SolutionProperties) = preSolution
		HideSolutionNode = FALSE
	EndGlobalSection
	GlobalSection(ProjectConfigurationPlatforms) = postSolution
		{72FA9A55-88CC-4C1D-AD03-2CA7C0657C69}.Debug|Any CPU.ActiveCfg = Debug|Any CPU
		{72FA9A55-88CC-4C1D-AD03-2CA7C0657C69}.Debug|Any CPU.Build.0 = Debug|Any CPU
		{72FA9A55-88CC-4C1D-AD03-2CA7C0657C69}.Debug|x64.ActiveCfg = Debug|Any CPU
		{72FA9A55-88CC-4C1D-AD03-2CA7C0657C69}.Debug|x64.Build.0 = Debug|Any CPU
		{72FA9A55-88CC-4C1D-AD03-2CA7C0657C69}.Debug|x86.ActiveCfg = Debug|Any CPU
		{72FA9A55-88CC-4C1D-AD03-2CA7C0657C69}.Debug|x86.Build.0 = Debug|Any CPU
		{72FA9A55-88CC-4C1D-AD03-2CA7C0657C69}.Release|Any CPU.ActiveCfg = Release|Any CPU
		{72FA9A55-88CC-4C1D-AD03-2CA7C0657C69}.Release|Any CPU.Build.0 = Release|Any CPU
		{72FA9A55-88CC-4C1D-AD03-2CA7C0657C69}.Release|x64.ActiveCfg = Release|Any CPU
		{72FA9A55-88CC-4C1D-AD03-2CA7C0657C69}.Release|x64.Build.0 = Release|Any CPU
		{72FA9A55-88CC-4C1D-AD03-2CA7C0657C69}.Release|x86.ActiveCfg = Release|Any CPU
		{72FA9A55-88CC-4C1D-AD03-2CA7C0657C69}.Release|x86.Build.0 = Release|Any CPU
		{758ECC6C-F7A9-47D1-8802-384D718D131F}.Debug|Any CPU.ActiveCfg = Debug|Any CPU
		{758ECC6C-F7A9-47D1-8802-384D718D131F}.Debug|Any CPU.Build.0 = Debug|Any CPU
		{758ECC6C-F7A9-47D1-8802-384D718D131F}.Debug|x64.ActiveCfg = Debug|Any CPU
		{758ECC6C-F7A9-47D1-8802-384D718D131F}.Debug|x64.Build.0 = Debug|Any CPU
		{758ECC6C-F7A9-47D1-8802-384D718D131F}.Debug|x86.ActiveCfg = Debug|Any CPU
		{758ECC6C-F7A9-47D1-8802-384D718D131F}.Debug|x86.Build.0 = Debug|Any CPU
		{758ECC6C-F7A9-47D1-8802-384D718D131F}.Release|Any CPU.ActiveCfg = Release|Any CPU
		{758ECC6C-F7A9-47D1-8802-384D718D131F}.Release|Any CPU.Build.0 = Release|Any CPU
		{758ECC6C-F7A9-47D1-8802-384D718D131F}.Release|x64.ActiveCfg = Release|Any CPU
		{758ECC6C-F7A9-47D1-8802-384D718D131F}.Release|x64.Build.0 = Release|Any CPU
		{758ECC6C-F7A9-47D1-8802-384D718D131F}.Release|x86.ActiveCfg = Release|Any CPU
		{758ECC6C-F7A9-47D1-8802-384D718D131F}.Release|x86.Build.0 = Release|Any CPU
	EndGlobalSection
EndGlobal
