
Microsoft Visual Studio Solution File, Format Version 12.00
# Visual Studio Version 16
VisualStudioVersion = 16.6.30114.105
MinimumVisualStudioVersion = 10.0.40219.1
Project("{FAE04EC0-301F-11D3-BF4B-00C04F79EFBC}") = "R5T.T0073.Construction", "R5T.T0073.Construction\R5T.T0073.Construction.csproj", "{AEEE91F8-09DA-42D6-9CA9-AD4F15327CEF}"
EndProject
Project("{FAE04EC0-301F-11D3-BF4B-00C04F79EFBC}") = "R5T.T0073", "R5T.T0073\R5T.T0073.csproj", "{FE900ED2-1614-4F26-8832-80A413E91940}"
EndProject
Global
	GlobalSection(SolutionConfigurationPlatforms) = preSolution
		Debug|Any CPU = Debug|Any CPU
		Debug|x64 = Debug|x64
		Debug|x86 = Debug|x86
		Release|Any CPU = Release|Any CPU
		Release|x64 = Release|x64
		Release|x86 = Release|x86
	EndGlobalSection
	GlobalSection(SolutionProperties) = preSolution
		HideSolutionNode = FALSE
	EndGlobalSection
	GlobalSection(ProjectConfigurationPlatforms) = postSolution
		{AEEE91F8-09DA-42D6-9CA9-AD4F15327CEF}.Debug|Any CPU.ActiveCfg = Debug|Any CPU
		{AEEE91F8-09DA-42D6-9CA9-AD4F15327CEF}.Debug|Any CPU.Build.0 = Debug|Any CPU
		{AEEE91F8-09DA-42D6-9CA9-AD4F15327CEF}.Debug|x64.ActiveCfg = Debug|Any CPU
		{AEEE91F8-09DA-42D6-9CA9-AD4F15327CEF}.Debug|x64.Build.0 = Debug|Any CPU
		{AEEE91F8-09DA-42D6-9CA9-AD4F15327CEF}.Debug|x86.ActiveCfg = Debug|Any CPU
		{AEEE91F8-09DA-42D6-9CA9-AD4F15327CEF}.Debug|x86.Build.0 = Debug|Any CPU
		{AEEE91F8-09DA-42D6-9CA9-AD4F15327CEF}.Release|Any CPU.ActiveCfg = Release|Any CPU
		{AEEE91F8-09DA-42D6-9CA9-AD4F15327CEF}.Release|Any CPU.Build.0 = Release|Any CPU
		{AEEE91F8-09DA-42D6-9CA9-AD4F15327CEF}.Release|x64.ActiveCfg = Release|Any CPU
		{AEEE91F8-09DA-42D6-9CA9-AD4F15327CEF}.Release|x64.Build.0 = Release|Any CPU
		{AEEE91F8-09DA-42D6-9CA9-AD4F15327CEF}.Release|x86.ActiveCfg = Release|Any CPU
		{AEEE91F8-09DA-42D6-9CA9-AD4F15327CEF}.Release|x86.Build.0 = Release|Any CPU
		{FE900ED2-1614-4F26-8832-80A413E91940}.Debug|Any CPU.ActiveCfg = Debug|Any CPU
		{FE900ED2-1614-4F26-8832-80A413E91940}.Debug|Any CPU.Build.0 = Debug|Any CPU
		{FE900ED2-1614-4F26-8832-80A413E91940}.Debug|x64.ActiveCfg = Debug|Any CPU
		{FE900ED2-1614-4F26-8832-80A413E91940}.Debug|x64.Build.0 = Debug|Any CPU
		{FE900ED2-1614-4F26-8832-80A413E91940}.Debug|x86.ActiveCfg = Debug|Any CPU
		{FE900ED2-1614-4F26-8832-80A413E91940}.Debug|x86.Build.0 = Debug|Any CPU
		{FE900ED2-1614-4F26-8832-80A413E91940}.Release|Any CPU.ActiveCfg = Release|Any CPU
		{FE900ED2-1614-4F26-8832-80A413E91940}.Release|Any CPU.Build.0 = Release|Any CPU
		{FE900ED2-1614-4F26-8832-80A413E91940}.Release|x64.ActiveCfg = Release|Any CPU
		{FE900ED2-1614-4F26-8832-80A413E91940}.Release|x64.Build.0 = Release|Any CPU
		{FE900ED2-1614-4F26-8832-80A413E91940}.Release|x86.ActiveCfg = Release|Any CPU
		{FE900ED2-1614-4F26-8832-80A413E91940}.Release|x86.Build.0 = Release|Any CPU
	EndGlobalSection
EndGlobal
